
Microsoft Visual Studio Solution File, Format Version 12.00
# Visual Studio Version 17
VisualStudioVersion = 17.7.34031.279
MinimumVisualStudioVersion = 10.0.40219.1
Project("{FAE04EC0-301F-11D3-BF4B-00C04F79EFBC}") = "MyTask", "MyTask\MyTask.csproj", "{47B6D136-A12B-4619-8F3B-07B556B7A8D1}"
EndProject
Global
	GlobalSection(SolutionConfigurationPlatforms) = preSolution
		Debug|Any CPU = Debug|Any CPU
		Release|Any CPU = Release|Any CPU
	EndGlobalSection
	GlobalSection(ProjectConfigurationPlatforms) = postSolution
		{47B6D136-A12B-4619-8F3B-07B556B7A8D1}.Debug|Any CPU.ActiveCfg = Debug|Any CPU
		{47B6D136-A12B-4619-8F3B-07B556B7A8D1}.Debug|Any CPU.Build.0 = Debug|Any CPU
		{47B6D136-A12B-4619-8F3B-07B556B7A8D1}.Release|Any CPU.ActiveCfg = Release|Any CPU
		{47B6D136-A12B-4619-8F3B-07B556B7A8D1}.Release|Any CPU.Build.0 = Release|Any CPU
	EndGlobalSection
	GlobalSection(SolutionProperties) = preSolution
		HideSolutionNode = FALSE
	EndGlobalSection
	GlobalSection(ExtensibilityGlobals) = postSolution
		SolutionGuid = {7B14A197-9EFA-46B4-BB53-E2BDCD3142A7}
	EndGlobalSection
EndGlobal
